
Microsoft Visual Studio Solution File, Format Version 12.00
# Visual Studio Version 17
VisualStudioVersion = 17.2.32519.379
MinimumVisualStudioVersion = 10.0.40219.1
Project("{FAE04EC0-301F-11D3-BF4B-00C04F79EFBC}") = "dockerapi", "dockerapi.csproj", "{5C28D7D4-363B-4DC8-8716-8B93F8A4D4F2}"
EndProject
Global
	GlobalSection(SolutionConfigurationPlatforms) = preSolution
		Debug|Any CPU = Debug|Any CPU
		Release|Any CPU = Release|Any CPU
	EndGlobalSection
	GlobalSection(ProjectConfigurationPlatforms) = postSolution
		{5C28D7D4-363B-4DC8-8716-8B93F8A4D4F2}.Debug|Any CPU.ActiveCfg = Debug|Any CPU
		{5C28D7D4-363B-4DC8-8716-8B93F8A4D4F2}.Debug|Any CPU.Build.0 = Debug|Any CPU
		{5C28D7D4-363B-4DC8-8716-8B93F8A4D4F2}.Release|Any CPU.ActiveCfg = Release|Any CPU
		{5C28D7D4-363B-4DC8-8716-8B93F8A4D4F2}.Release|Any CPU.Build.0 = Release|Any CPU
	EndGlobalSection
	GlobalSection(SolutionProperties) = preSolution
		HideSolutionNode = FALSE
	EndGlobalSection
	GlobalSection(ExtensibilityGlobals) = postSolution
		SolutionGuid = {7208A8E7-CE6A-4852-BD32-AEDF2173761B}
	EndGlobalSection
EndGlobal
